// !$*UTF8*$!
{
	archiveVersion = 1;
	classes = {
	};
	objectVersion = 51;
	objects = {

/* Begin PBXBuildFile section */
		144324BB26CFEF9D00019789 /* Greeting.swift in Sources */ = {isa = PBXBuildFile; fileRef = 144324BA26CFEF9D00019789 /* Greeting.swift */; };
		1481122326CFA31000BBB087 /* AppDelegate.swift in Sources */ = {isa = PBXBuildFile; fileRef = 1481122226CFA31000BBB087 /* AppDelegate.swift */; };
		1481122526CFA31000BBB087 /* SceneDelegate.swift in Sources */ = {isa = PBXBuildFile; fileRef = 1481122426CFA31000BBB087 /* SceneDelegate.swift */; };
		1481122726CFA31000BBB087 /* ViewController.swift in Sources */ = {isa = PBXBuildFile; fileRef = 1481122626CFA31000BBB087 /* ViewController.swift */; };
		1481122A26CFA31000BBB087 /* Main.storyboard in Resources */ = {isa = PBXBuildFile; fileRef = 1481122826CFA31000BBB087 /* Main.storyboard */; };
		1481122C26CFA31800BBB087 /* Assets.xcassets in Resources */ = {isa = PBXBuildFile; fileRef = 1481122B26CFA31800BBB087 /* Assets.xcassets */; };
		1481122F26CFA31800BBB087 /* LaunchScreen.storyboard in Resources */ = {isa = PBXBuildFile; fileRef = 1481122D26CFA31800BBB087 /* LaunchScreen.storyboard */; };
		20B92E155E3A27881F7289F9 /* Pods_HelloAlamofire.framework in Frameworks */ = {isa = PBXBuildFile; fileRef = 033DFB8FDE9D53BCE26970D0 /* Pods_HelloAlamofire.framework */; };
/* End PBXBuildFile section */

/* Begin PBXFileReference section */
		033DFB8FDE9D53BCE26970D0 /* Pods_HelloAlamofire.framework */ = {isa = PBXFileReference; explicitFileType = wrapper.framework; includeInIndex = 0; path = Pods_HelloAlamofire.framework; sourceTree = BUILT_PRODUCTS_DIR; };
		144324BA26CFEF9D00019789 /* Greeting.swift */ = {isa = PBXFileReference; lastKnownFileType = sourcecode.swift; path = Greeting.swift; sourceTree = "<group>"; };
		1481121F26CFA31000BBB087 /* HelloAlamofire.app */ = {isa = PBXFileReference; explicitFileType = wrapper.application; includeInIndex = 0; path = HelloAlamofire.app; sourceTree = BUILT_PRODUCTS_DIR; };
		1481122226CFA31000BBB087 /* AppDelegate.swift */ = {isa = PBXFileReference; lastKnownFileType = sourcecode.swift; path = AppDelegate.swift; sourceTree = "<group>"; };
		1481122426CFA31000BBB087 /* SceneDelegate.swift */ = {isa = PBXFileReference; lastKnownFileType = sourcecode.swift; path = SceneDelegate.swift; sourceTree = "<group>"; };
		1481122626CFA31000BBB087 /* ViewController.swift */ = {isa = PBXFileReference; lastKnownFileType = sourcecode.swift; path = ViewController.swift; sourceTree = "<group>"; };
		1481122926CFA31000BBB087 /* Base */ = {isa = PBXFileReference; lastKnownFileType = file.storyboard; name = Base; path = Base.lproj/Main.storyboard; sourceTree = "<group>"; };
		1481122B26CFA31800BBB087 /* Assets.xcassets */ = {isa = PBXFileReference; lastKnownFileType = folder.assetcatalog; path = Assets.xcassets; sourceTree = "<group>"; };
		1481122E26CFA31800BBB087 /* Base */ = {isa = PBXFileReference; lastKnownFileType = file.storyboard; name = Base; path = Base.lproj/LaunchScreen.storyboard; sourceTree = "<group>"; };
		1481123026CFA31800BBB087 /* Info.plist */ = {isa = PBXFileReference; lastKnownFileType = text.plist.xml; path = Info.plist; sourceTree = "<group>"; };
		74716B92920D6C77D9BECDF9 /* Pods-HelloAlamofire.release.xcconfig */ = {isa = PBXFileReference; includeInIndex = 1; lastKnownFileType = text.xcconfig; name = "Pods-HelloAlamofire.release.xcconfig"; path = "Target Support Files/Pods-HelloAlamofire/Pods-HelloAlamofire.release.xcconfig"; sourceTree = "<group>"; };
		FEBB571C54441426FF207410 /* Pods-HelloAlamofire.debug.xcconfig */ = {isa = PBXFileReference; includeInIndex = 1; lastKnownFileType = text.xcconfig; name = "Pods-HelloAlamofire.debug.xcconfig"; path = "Target Support Files/Pods-HelloAlamofire/Pods-HelloAlamofire.debug.xcconfig"; sourceTree = "<group>"; };
/* End PBXFileReference section */

/* Begin PBXFrameworksBuildPhase section */
		1481121C26CFA31000BBB087 /* Frameworks */ = {
			isa = PBXFrameworksBuildPhase;
			buildActionMask = 2147483647;
			files = (
				20B92E155E3A27881F7289F9 /* Pods_HelloAlamofire.framework in Frameworks */,
			);
			runOnlyForDeploymentPostprocessing = 0;
		};
/* End PBXFrameworksBuildPhase section */

/* Begin PBXGroup section */
		1481121626CFA31000BBB087 = {
			isa = PBXGroup;
			children = (
				1481122126CFA31000BBB087 /* HelloAlamofire */,
				1481122026CFA31000BBB087 /* Products */,
				62784CE751C83111516B71ED /* Pods */,
				A73C01F1577294ACCD1E03F5 /* Frameworks */,
			);
			sourceTree = "<group>";
		};
		1481122026CFA31000BBB087 /* Products */ = {
			isa = PBXGroup;
			children = (
				1481121F26CFA31000BBB087 /* HelloAlamofire.app */,
			);
			name = Products;
			sourceTree = "<group>";
		};
		1481122126CFA31000BBB087 /* HelloAlamofire */ = {
			isa = PBXGroup;
			children = (
				1481122226CFA31000BBB087 /* AppDelegate.swift */,
				1481122426CFA31000BBB087 /* SceneDelegate.swift */,
				1481122626CFA31000BBB087 /* ViewController.swift */,
				144324BA26CFEF9D00019789 /* Greeting.swift */,
				1481122826CFA31000BBB087 /* Main.storyboard */,
				1481122B26CFA31800BBB087 /* Assets.xcassets */,
				1481122D26CFA31800BBB087 /* LaunchScreen.storyboard */,
				1481123026CFA31800BBB087 /* Info.plist */,
			);
			path = HelloAlamofire;
			sourceTree = "<group>";
		};
		62784CE751C83111516B71ED /* Pods */ = {
			isa = PBXGroup;
			children = (
				FEBB571C54441426FF207410 /* Pods-HelloAlamofire.debug.xcconfig */,
				74716B92920D6C77D9BECDF9 /* Pods-HelloAlamofire.release.xcconfig */,
			);
			path = Pods;
			sourceTree = "<group>";
		};
		A73C01F1577294ACCD1E03F5 /* Frameworks */ = {
			isa = PBXGroup;
			children = (
				033DFB8FDE9D53BCE26970D0 /* Pods_HelloAlamofire.framework */,
			);
			name = Frameworks;
			sourceTree = "<group>";
		};
/* End PBXGroup section */

/* Begin PBXNativeTarget section */
		1481121E26CFA31000BBB087 /* HelloAlamofire */ = {
			isa = PBXNativeTarget;
			buildConfigurationList = 1481123326CFA31800BBB087 /* Build configuration list for PBXNativeTarget "HelloAlamofire" */;
			buildPhases = (
				6FB5D66FDF3032E73E15B4E5 /* [CP] Check Pods Manifest.lock */,
				1481121B26CFA31000BBB087 /* Sources */,
				1481121C26CFA31000BBB087 /* Frameworks */,
				1481121D26CFA31000BBB087 /* Resources */,
				1DEC4D72B3459111EC9325D5 /* [CP] Embed Pods Frameworks */,
			);
			buildRules = (
			);
			dependencies = (
			);
			name = HelloAlamofire;
			productName = HelloAlamofire;
			productReference = 1481121F26CFA31000BBB087 /* HelloAlamofire.app */;
			productType = "com.apple.product-type.application";
		};
/* End PBXNativeTarget section */

/* Begin PBXProject section */
		1481121726CFA31000BBB087 /* Project object */ = {
			isa = PBXProject;
			attributes = {
				LastSwiftUpdateCheck = 1250;
				LastUpgradeCheck = 1250;
				TargetAttributes = {
					1481121E26CFA31000BBB087 = {
						CreatedOnToolsVersion = 12.5.1;
					};
				};
			};
			buildConfigurationList = 1481121A26CFA31000BBB087 /* Build configuration list for PBXProject "HelloAlamofire" */;
			compatibilityVersion = "Xcode 9.3";
			developmentRegion = en;
			hasScannedForEncodings = 0;
			knownRegions = (
				en,
				Base,
			);
			mainGroup = 1481121626CFA31000BBB087;
			productRefGroup = 1481122026CFA31000BBB087 /* Products */;
			projectDirPath = "";
			projectRoot = "";
			targets = (
				1481121E26CFA31000BBB087 /* HelloAlamofire */,
			);
		};
/* End PBXProject section */

/* Begin PBXResourcesBuildPhase section */
		1481121D26CFA31000BBB087 /* Resources */ = {
			isa = PBXResourcesBuildPhase;
			buildActionMask = 2147483647;
			files = (
				1481122F26CFA31800BBB087 /* LaunchScreen.storyboard in Resources */,
				1481122C26CFA31800BBB087 /* Assets.xcassets in Resources */,
				1481122A26CFA31000BBB087 /* Main.storyboard in Resources */,
			);
			runOnlyForDeploymentPostprocessing = 0;
		};
/* End PBXResourcesBuildPhase section */

/* Begin PBXShellScriptBuildPhase section */
		1DEC4D72B3459111EC9325D5 /* [CP] Embed Pods Frameworks */ = {
			isa = PBXShellScriptBuildPhase;
			buildActionMask = 2147483647;
			files = (
			);
			inputFileListPaths = (
				"${PODS_ROOT}/Target Support Files/Pods-HelloAlamofire/Pods-HelloAlamofire-frameworks-${CONFIGURATION}-input-files.xcfilelist",
			);
			name = "[CP] Embed Pods Frameworks";
			outputFileListPaths = (
				"${PODS_ROOT}/Target Support Files/Pods-HelloAlamofire/Pods-HelloAlamofire-frameworks-${CONFIGURATION}-output-files.xcfilelist",
			);
			runOnlyForDeploymentPostprocessing = 0;
			shellPath = /bin/sh;
			shellScript = "\"${PODS_ROOT}/Target Support Files/Pods-HelloAlamofire/Pods-HelloAlamofire-frameworks.sh\"\n";
			showEnvVarsInLog = 0;
		};
		6FB5D66FDF3032E73E15B4E5 /* [CP] Check Pods Manifest.lock */ = {
			isa = PBXShellScriptBuildPhase;
			buildActionMask = 2147483647;
			files = (
			);
			inputFileListPaths = (
			);
			inputPaths = (
				"${PODS_PODFILE_DIR_PATH}/Podfile.lock",
				"${PODS_ROOT}/Manifest.lock",
			);
			name = "[CP] Check Pods Manifest.lock";
			outputFileListPaths = (
			);
			outputPaths = (
				"$(DERIVED_FILE_DIR)/Pods-HelloAlamofire-checkManifestLockResult.txt",
			);
			runOnlyForDeploymentPostprocessing = 0;
			shellPath = /bin/sh;
			shellScript = "diff \"${PODS_PODFILE_DIR_PATH}/Podfile.lock\" \"${PODS_ROOT}/Manifest.lock\" > /dev/null\nif [ $? != 0 ] ; then\n    # print error to STDERR\n    echo \"error: The sandbox is not in sync with the Podfile.lock. Run 'pod install' or update your CocoaPods installation.\" >&2\n    exit 1\nfi\n# This output is used by Xcode 'outputs' to avoid re-running this script phase.\necho \"SUCCESS\" > \"${SCRIPT_OUTPUT_FILE_0}\"\n";
			showEnvVarsInLog = 0;
		};
/* End PBXShellScriptBuildPhase section */

/* Begin PBXSourcesBuildPhase section */
		1481121B26CFA31000BBB087 /* Sources */ = {
			isa = PBXSourcesBuildPhase;
			buildActionMask = 2147483647;
			files = (
				1481122726CFA31000BBB087 /* ViewController.swift in Sources */,
				1481122326CFA31000BBB087 /* AppDelegate.swift in Sources */,
				144324BB26CFEF9D00019789 /* Greeting.swift in Sources */,
				1481122526CFA31000BBB087 /* SceneDelegate.swift in Sources */,
			);
			runOnlyForDeploymentPostprocessing = 0;
		};
/* End PBXSourcesBuildPhase section */

/* Begin PBXVariantGroup section */
		1481122826CFA31000BBB087 /* Main.storyboard */ = {
			isa = PBXVariantGroup;
			children = (
				1481122926CFA31000BBB087 /* Base */,
			);
			name = Main.storyboard;
			sourceTree = "<group>";
		};
		1481122D26CFA31800BBB087 /* LaunchScreen.storyboard */ = {
			isa = PBXVariantGroup;
			children = (
				1481122E26CFA31800BBB087 /* Base */,
			);
			name = LaunchScreen.storyboard;
			sourceTree = "<group>";
		};
/* End PBXVariantGroup section */

/* Begin XCBuildConfiguration section */
		1481123126CFA31800BBB087 /* Debug */ = {
			isa = XCBuildConfiguration;
			buildSettings = {
				ALWAYS_SEARCH_USER_PATHS = NO;
				CLANG_ANALYZER_NONNULL = YES;
				CLANG_ANALYZER_NUMBER_OBJECT_CONVERSION = YES_AGGRESSIVE;
				CLANG_CXX_LANGUAGE_STANDARD = "gnu++14";
				CLANG_CXX_LIBRARY = "libc++";
				CLANG_ENABLE_MODULES = YES;
				CLANG_ENABLE_OBJC_ARC = YES;
				CLANG_ENABLE_OBJC_WEAK = YES;
				CLANG_WARN_BLOCK_CAPTURE_AUTORELEASING = YES;
				CLANG_WARN_BOOL_CONVERSION = YES;
				CLANG_WARN_COMMA = YES;
				CLANG_WARN_CONSTANT_CONVERSION = YES;
				CLANG_WARN_DEPRECATED_OBJC_IMPLEMENTATIONS = YES;
				CLANG_WARN_DIRECT_OBJC_ISA_USAGE = YES_ERROR;
				CLANG_WARN_DOCUMENTATION_COMMENTS = YES;
				CLANG_WARN_EMPTY_BODY = YES;
				CLANG_WARN_ENUM_CONVERSION = YES;
				CLANG_WARN_INFINITE_RECURSION = YES;
				CLANG_WARN_INT_CONVERSION = YES;
				CLANG_WARN_NON_LITERAL_NULL_CONVERSION = YES;
				CLANG_WARN_OBJC_IMPLICIT_RETAIN_SELF = YES;
				CLANG_WARN_OBJC_LITERAL_CONVERSION = YES;
				CLANG_WARN_OBJC_ROOT_CLASS = YES_ERROR;
				CLANG_WARN_QUOTED_INCLUDE_IN_FRAMEWORK_HEADER = YES;
				CLANG_WARN_RANGE_LOOP_ANALYSIS = YES;
				CLANG_WARN_STRICT_PROTOTYPES = YES;
				CLANG_WARN_SUSPICIOUS_MOVE = YES;
				CLANG_WARN_UNGUARDED_AVAILABILITY = YES_AGGRESSIVE;
				CLANG_WARN_UNREACHABLE_CODE = YES;
				CLANG_WARN__DUPLICATE_METHOD_MATCH = YES;
				COPY_PHASE_STRIP = NO;
				DEBUG_INFORMATION_FORMAT = dwarf;
				ENABLE_STRICT_OBJC_MSGSEND = YES;
				ENABLE_TESTABILITY = YES;
				GCC_C_LANGUAGE_STANDARD = gnu11;
				GCC_DYNAMIC_NO_PIC = NO;
				GCC_NO_COMMON_BLOCKS = YES;
				GCC_OPTIMIZATION_LEVEL = 0;
				GCC_PREPROCESSOR_DEFINITIONS = (
					"DEBUG=1",
					"$(inherited)",
				);
				GCC_WARN_64_TO_32_BIT_CONVERSION = YES;
				GCC_WARN_ABOUT_RETURN_TYPE = YES_ERROR;
				GCC_WARN_UNDECLARED_SELECTOR = YES;
				GCC_WARN_UNINITIALIZED_AUTOS = YES_AGGRESSIVE;
				GCC_WARN_UNUSED_FUNCTION = YES;
				GCC_WARN_UNUSED_VARIABLE = YES;
				IPHONEOS_DEPLOYMENT_TARGET = 14.5;
				MTL_ENABLE_DEBUG_INFO = INCLUDE_SOURCE;
				MTL_FAST_MATH = YES;
				ONLY_ACTIVE_ARCH = YES;
				SDKROOT = iphoneos;
				SWIFT_ACTIVE_COMPILATION_CONDITIONS = DEBUG;
				SWIFT_OPTIMIZATION_LEVEL = "-Onone";
			};
			name = Debug;
		};
		1481123226CFA31800BBB087 /* Release */ = {
			isa = XCBuildConfiguration;
			buildSettings = {
				ALWAYS_SEARCH_USER_PATHS = NO;
				CLANG_ANALYZER_NONNULL = YES;
				CLANG_ANALYZER_NUMBER_OBJECT_CONVERSION = YES_AGGRESSIVE;
				CLANG_CXX_LANGUAGE_STANDARD = "gnu++14";
				CLANG_CXX_LIBRARY = "libc++";
				CLANG_ENABLE_MODULES = YES;
				CLANG_ENABLE_OBJC_ARC = YES;
				CLANG_ENABLE_OBJC_WEAK = YES;
				CLANG_WARN_BLOCK_CAPTURE_AUTORELEASING = YES;
				CLANG_WARN_BOOL_CONVERSION = YES;
				CLANG_WARN_COMMA = YES;
				CLANG_WARN_CONSTANT_CONVERSION = YES;
				CLANG_WARN_DEPRECATED_OBJC_IMPLEMENTATIONS = YES;
				CLANG_WARN_DIRECT_OBJC_ISA_USAGE = YES_ERROR;
				CLANG_WARN_DOCUMENTATION_COMMENTS = YES;
				CLANG_WARN_EMPTY_BODY = YES;
				CLANG_WARN_ENUM_CONVERSION = YES;
				CLANG_WARN_INFINITE_RECURSION = YES;
				CLANG_WARN_INT_CONVERSION = YES;
				CLANG_WARN_NON_LITERAL_NULL_CONVERSION = YES;
				CLANG_WARN_OBJC_IMPLICIT_RETAIN_SELF = YES;
				CLANG_WARN_OBJC_LITERAL_CONVERSION = YES;
				CLANG_WARN_OBJC_ROOT_CLASS = YES_ERROR;
				CLANG_WARN_QUOTED_INCLUDE_IN_FRAMEWORK_HEADER = YES;
				CLANG_WARN_RANGE_LOOP_ANALYSIS = YES;
				CLANG_WARN_STRICT_PROTOTYPES = YES;
				CLANG_WARN_SUSPICIOUS_MOVE = YES;
				CLANG_WARN_UNGUARDED_AVAILABILITY = YES_AGGRESSIVE;
				CLANG_WARN_UNREACHABLE_CODE = YES;
				CLANG_WARN__DUPLICATE_METHOD_MATCH = YES;
				COPY_PHASE_STRIP = NO;
				DEBUG_INFORMATION_FORMAT = "dwarf-with-dsym";
				ENABLE_NS_ASSERTIONS = NO;
				ENABLE_STRICT_OBJC_MSGSEND = YES;
				GCC_C_LANGUAGE_STANDARD = gnu11;
				GCC_NO_COMMON_BLOCKS = YES;
				GCC_WARN_64_TO_32_BIT_CONVERSION = YES;
				GCC_WARN_ABOUT_RETURN_TYPE = YES_ERROR;
				GCC_WARN_UNDECLARED_SELECTOR = YES;
				GCC_WARN_UNINITIALIZED_AUTOS = YES_AGGRESSIVE;
				GCC_WARN_UNUSED_FUNCTION = YES;
				GCC_WARN_UNUSED_VARIABLE = YES;
				IPHONEOS_DEPLOYMENT_TARGET = 14.5;
				MTL_ENABLE_DEBUG_INFO = NO;
				MTL_FAST_MATH = YES;
				SDKROOT = iphoneos;
				SWIFT_COMPILATION_MODE = wholemodule;
				SWIFT_OPTIMIZATION_LEVEL = "-O";
				VALIDATE_PRODUCT = YES;
			};
			name = Release;
		};
		1481123426CFA31800BBB087 /* Debug */ = {
			isa = XCBuildConfiguration;
			baseConfigurationReference = FEBB571C54441426FF207410 /* Pods-HelloAlamofire.debug.xcconfig */;
			buildSettings = {
				ASSETCATALOG_COMPILER_APPICON_NAME = AppIcon;
				ASSETCATALOG_COMPILER_GLOBAL_ACCENT_COLOR_NAME = AccentColor;
				CODE_SIGN_STYLE = Automatic;
				DEVELOPMENT_TEAM = 68FXT4UH73;
				INFOPLIST_FILE = HelloAlamofire/Info.plist;
				LD_RUNPATH_SEARCH_PATHS = (
					"$(inherited)",
					"@executable_path/Frameworks",
				);
				PRODUCT_BUNDLE_IDENTIFIER = ru.egorskikh.HelloAlamofire;
				PRODUCT_NAME = "$(TARGET_NAME)";
				SWIFT_VERSION = 5.0;
				TARGETED_DEVICE_FAMILY = "1,2";
			};
			name = Debug;
		};
		1481123526CFA31800BBB087 /* Release */ = {
			isa = XCBuildConfiguration;
			baseConfigurationReference = 74716B92920D6C77D9BECDF9 /* Pods-HelloAlamofire.release.xcconfig */;
			buildSettings = {
				ASSETCATALOG_COMPILER_APPICON_NAME = AppIcon;
				ASSETCATALOG_COMPILER_GLOBAL_ACCENT_COLOR_NAME = AccentColor;
				CODE_SIGN_STYLE = Automatic;
				DEVELOPMENT_TEAM = 68FXT4UH73;
				INFOPLIST_FILE = HelloAlamofire/Info.plist;
				LD_RUNPATH_SEARCH_PATHS = (
					"$(inherited)",
					"@executable_path/Frameworks",
				);
				PRODUCT_BUNDLE_IDENTIFIER = ru.egorskikh.HelloAlamofire;
				PRODUCT_NAME = "$(TARGET_NAME)";
				SWIFT_VERSION = 5.0;
				TARGETED_DEVICE_FAMILY = "1,2";
			};
			name = Release;
		};
/* End XCBuildConfiguration section */

/* Begin XCConfigurationList section */
		1481121A26CFA31000BBB087 /* Build configuration list for PBXProject "HelloAlamofire" */ = {
			isa = XCConfigurationList;
			buildConfigurations = (
				1481123126CFA31800BBB087 /* Debug */,
				1481123226CFA31800BBB087 /* Release */,
			);
			defaultConfigurationIsVisible = 0;
			defaultConfigurationName = Release;
		};
		1481123326CFA31800BBB087 /* Build configuration list for PBXNativeTarget "HelloAlamofire" */ = {
			isa = XCConfigurationList;
			buildConfigurations = (
				1481123426CFA31800BBB087 /* Debug */,
				1481123526CFA31800BBB087 /* Release */,
			);
			defaultConfigurationIsVisible = 0;
			defaultConfigurationName = Release;
		};
/* End XCConfigurationList section */
	};
	rootObject = 1481121726CFA31000BBB087 /* Project object */;
}
